
Microsoft Visual Studio Solution File, Format Version 12.00
# Visual Studio Version 16
VisualStudioVersion = 16.0.30804.86
MinimumVisualStudioVersion = 10.0.40219.1
Project("{FAE04EC0-301F-11D3-BF4B-00C04F79EFBC}") = "POCDIIAGEXamarin", "POCDIIAGEXamarin\POCDIIAGEXamarin\POCDIIAGEXamarin.csproj", "{1386FF9E-8B0D-4F5F-A2B1-86AD973BAD44}"
EndProject
Project("{FAE04EC0-301F-11D3-BF4B-00C04F79EFBC}") = "POCDIIAGEXamarin.Android", "POCDIIAGEXamarin\POCDIIAGEXamarin.Android\POCDIIAGEXamarin.Android.csproj", "{E5236D69-9D6C-4252-8005-3EADA65DA9A1}"
EndProject
Project("{FAE04EC0-301F-11D3-BF4B-00C04F79EFBC}") = "POCDIIAGEXamarin.iOS", "POCDIIAGEXamarin\POCDIIAGEXamarin.iOS\POCDIIAGEXamarin.iOS.csproj", "{06483474-47AF-4533-88E6-E7E2AD553D84}"
EndProject
Project("{FAE04EC0-301F-11D3-BF4B-00C04F79EFBC}") = "POCDIIAGEXamarin.UWP", "POCDIIAGEXamarin\POCDIIAGEXamarin.UWP\POCDIIAGEXamarin.UWP.csproj", "{FD909C2B-DCC8-4CFF-8CA3-A3A67ED5DC6A}"
EndProject
Global
	GlobalSection(SolutionConfigurationPlatforms) = preSolution
		Ad-Hoc|Any CPU = Ad-Hoc|Any CPU
		Ad-Hoc|ARM = Ad-Hoc|ARM
		Ad-Hoc|iPhone = Ad-Hoc|iPhone
		Ad-Hoc|iPhoneSimulator = Ad-Hoc|iPhoneSimulator
		Ad-Hoc|x64 = Ad-Hoc|x64
		Ad-Hoc|x86 = Ad-Hoc|x86
		AppStore|Any CPU = AppStore|Any CPU
		AppStore|ARM = AppStore|ARM
		AppStore|iPhone = AppStore|iPhone
		AppStore|iPhoneSimulator = AppStore|iPhoneSimulator
		AppStore|x64 = AppStore|x64
		AppStore|x86 = AppStore|x86
		Debug|Any CPU = Debug|Any CPU
		Debug|ARM = Debug|ARM
		Debug|iPhone = Debug|iPhone
		Debug|iPhoneSimulator = Debug|iPhoneSimulator
		Debug|x64 = Debug|x64
		Debug|x86 = Debug|x86
		Release|Any CPU = Release|Any CPU
		Release|ARM = Release|ARM
		Release|iPhone = Release|iPhone
		Release|iPhoneSimulator = Release|iPhoneSimulator
		Release|x64 = Release|x64
		Release|x86 = Release|x86
	EndGlobalSection
	GlobalSection(ProjectConfigurationPlatforms) = postSolution
		{1386FF9E-8B0D-4F5F-A2B1-86AD973BAD44}.Ad-Hoc|Any CPU.ActiveCfg = Debug|Any CPU
		{1386FF9E-8B0D-4F5F-A2B1-86AD973BAD44}.Ad-Hoc|Any CPU.Build.0 = Debug|Any CPU
		{1386FF9E-8B0D-4F5F-A2B1-86AD973BAD44}.Ad-Hoc|ARM.ActiveCfg = Debug|Any CPU
		{1386FF9E-8B0D-4F5F-A2B1-86AD973BAD44}.Ad-Hoc|ARM.Build.0 = Debug|Any CPU
		{1386FF9E-8B0D-4F5F-A2B1-86AD973BAD44}.Ad-Hoc|iPhone.ActiveCfg = Debug|Any CPU
		{1386FF9E-8B0D-4F5F-A2B1-86AD973BAD44}.Ad-Hoc|iPhone.Build.0 = Debug|Any CPU
		{1386FF9E-8B0D-4F5F-A2B1-86AD973BAD44}.Ad-Hoc|iPhoneSimulator.ActiveCfg = Debug|Any CPU
		{1386FF9E-8B0D-4F5F-A2B1-86AD973BAD44}.Ad-Hoc|iPhoneSimulator.Build.0 = Debug|Any CPU
		{1386FF9E-8B0D-4F5F-A2B1-86AD973BAD44}.Ad-Hoc|x64.ActiveCfg = Debug|Any CPU
		{1386FF9E-8B0D-4F5F-A2B1-86AD973BAD44}.Ad-Hoc|x64.Build.0 = Debug|Any CPU
		{1386FF9E-8B0D-4F5F-A2B1-86AD973BAD44}.Ad-Hoc|x86.ActiveCfg = Debug|Any CPU
		{1386FF9E-8B0D-4F5F-A2B1-86AD973BAD44}.Ad-Hoc|x86.Build.0 = Debug|Any CPU
		{1386FF9E-8B0D-4F5F-A2B1-86AD973BAD44}.AppStore|Any CPU.ActiveCfg = Debug|Any CPU
		{1386FF9E-8B0D-4F5F-A2B1-86AD973BAD44}.AppStore|Any CPU.Build.0 = Debug|Any CPU
		{1386FF9E-8B0D-4F5F-A2B1-86AD973BAD44}.AppStore|ARM.ActiveCfg = Debug|Any CPU
		{1386FF9E-8B0D-4F5F-A2B1-86AD973BAD44}.AppStore|ARM.Build.0 = Debug|Any CPU
		{1386FF9E-8B0D-4F5F-A2B1-86AD973BAD44}.AppStore|iPhone.ActiveCfg = Debug|Any CPU
		{1386FF9E-8B0D-4F5F-A2B1-86AD973BAD44}.AppStore|iPhone.Build.0 = Debug|Any CPU
		{1386FF9E-8B0D-4F5F-A2B1-86AD973BAD44}.AppStore|iPhoneSimulator.ActiveCfg = Debug|Any CPU
		{1386FF9E-8B0D-4F5F-A2B1-86AD973BAD44}.AppStore|iPhoneSimulator.Build.0 = Debug|Any CPU
		{1386FF9E-8B0D-4F5F-A2B1-86AD973BAD44}.AppStore|x64.ActiveCfg = Debug|Any CPU
		{1386FF9E-8B0D-4F5F-A2B1-86AD973BAD44}.AppStore|x64.Build.0 = Debug|Any CPU
		{1386FF9E-8B0D-4F5F-A2B1-86AD973BAD44}.AppStore|x86.ActiveCfg = Debug|Any CPU
		{1386FF9E-8B0D-4F5F-A2B1-86AD973BAD44}.AppStore|x86.Build.0 = Debug|Any CPU
		{1386FF9E-8B0D-4F5F-A2B1-86AD973BAD44}.Debug|Any CPU.ActiveCfg = Debug|Any CPU
		{1386FF9E-8B0D-4F5F-A2B1-86AD973BAD44}.Debug|Any CPU.Build.0 = Debug|Any CPU
		{1386FF9E-8B0D-4F5F-A2B1-86AD973BAD44}.Debug|ARM.ActiveCfg = Debug|Any CPU
		{1386FF9E-8B0D-4F5F-A2B1-86AD973BAD44}.Debug|ARM.Build.0 = Debug|Any CPU
		{1386FF9E-8B0D-4F5F-A2B1-86AD973BAD44}.Debug|iPhone.ActiveCfg = Debug|Any CPU
		{1386FF9E-8B0D-4F5F-A2B1-86AD973BAD44}.Debug|iPhone.Build.0 = Debug|Any CPU
		{1386FF9E-8B0D-4F5F-A2B1-86AD973BAD44}.Debug|iPhoneSimulator.ActiveCfg = Debug|Any CPU
		{1386FF9E-8B0D-4F5F-A2B1-86AD973BAD44}.Debug|iPhoneSimulator.Build.0 = Debug|Any CPU
		{1386FF9E-8B0D-4F5F-A2B1-86AD973BAD44}.Debug|x64.ActiveCfg = Debug|Any CPU
		{1386FF9E-8B0D-4F5F-A2B1-86AD973BAD44}.Debug|x64.Build.0 = Debug|Any CPU
		{1386FF9E-8B0D-4F5F-A2B1-86AD973BAD44}.Debug|x86.ActiveCfg = Debug|Any CPU
		{1386FF9E-8B0D-4F5F-A2B1-86AD973BAD44}.Debug|x86.Build.0 = Debug|Any CPU
		{1386FF9E-8B0D-4F5F-A2B1-86AD973BAD44}.Release|Any CPU.ActiveCfg = Release|Any CPU
		{1386FF9E-8B0D-4F5F-A2B1-86AD973BAD44}.Release|Any CPU.Build.0 = Release|Any CPU
		{1386FF9E-8B0D-4F5F-A2B1-86AD973BAD44}.Release|ARM.ActiveCfg = Release|Any CPU
		{1386FF9E-8B0D-4F5F-A2B1-86AD973BAD44}.Release|ARM.Build.0 = Release|Any CPU
		{1386FF9E-8B0D-4F5F-A2B1-86AD973BAD44}.Release|iPhone.ActiveCfg = Release|Any CPU
		{1386FF9E-8B0D-4F5F-A2B1-86AD973BAD44}.Release|iPhone.Build.0 = Release|Any CPU
		{1386FF9E-8B0D-4F5F-A2B1-86AD973BAD44}.Release|iPhoneSimulator.ActiveCfg = Release|Any CPU
		{1386FF9E-8B0D-4F5F-A2B1-86AD973BAD44}.Release|iPhoneSimulator.Build.0 = Release|Any CPU
		{1386FF9E-8B0D-4F5F-A2B1-86AD973BAD44}.Release|x64.ActiveCfg = Release|Any CPU
		{1386FF9E-8B0D-4F5F-A2B1-86AD973BAD44}.Release|x64.Build.0 = Release|Any CPU
		{1386FF9E-8B0D-4F5F-A2B1-86AD973BAD44}.Release|x86.ActiveCfg = Release|Any CPU
		{1386FF9E-8B0D-4F5F-A2B1-86AD973BAD44}.Release|x86.Build.0 = Release|Any CPU
		{E5236D69-9D6C-4252-8005-3EADA65DA9A1}.Ad-Hoc|Any CPU.ActiveCfg = Debug|Any CPU
		{E5236D69-9D6C-4252-8005-3EADA65DA9A1}.Ad-Hoc|Any CPU.Build.0 = Debug|Any CPU
		{E5236D69-9D6C-4252-8005-3EADA65DA9A1}.Ad-Hoc|Any CPU.Deploy.0 = Debug|Any CPU
		{E5236D69-9D6C-4252-8005-3EADA65DA9A1}.Ad-Hoc|ARM.ActiveCfg = Debug|Any CPU
		{E5236D69-9D6C-4252-8005-3EADA65DA9A1}.Ad-Hoc|ARM.Build.0 = Debug|Any CPU
		{E5236D69-9D6C-4252-8005-3EADA65DA9A1}.Ad-Hoc|ARM.Deploy.0 = Debug|Any CPU
		{E5236D69-9D6C-4252-8005-3EADA65DA9A1}.Ad-Hoc|iPhone.ActiveCfg = Debug|Any CPU
		{E5236D69-9D6C-4252-8005-3EADA65DA9A1}.Ad-Hoc|iPhone.Build.0 = Debug|Any CPU
		{E5236D69-9D6C-4252-8005-3EADA65DA9A1}.Ad-Hoc|iPhone.Deploy.0 = Debug|Any CPU
		{E5236D69-9D6C-4252-8005-3EADA65DA9A1}.Ad-Hoc|iPhoneSimulator.ActiveCfg = Debug|Any CPU
		{E5236D69-9D6C-4252-8005-3EADA65DA9A1}.Ad-Hoc|iPhoneSimulator.Build.0 = Debug|Any CPU
		{E5236D69-9D6C-4252-8005-3EADA65DA9A1}.Ad-Hoc|iPhoneSimulator.Deploy.0 = Debug|Any CPU
		{E5236D69-9D6C-4252-8005-3EADA65DA9A1}.Ad-Hoc|x64.ActiveCfg = Debug|Any CPU
		{E5236D69-9D6C-4252-8005-3EADA65DA9A1}.Ad-Hoc|x64.Build.0 = Debug|Any CPU
		{E5236D69-9D6C-4252-8005-3EADA65DA9A1}.Ad-Hoc|x64.Deploy.0 = Debug|Any CPU
		{E5236D69-9D6C-4252-8005-3EADA65DA9A1}.Ad-Hoc|x86.ActiveCfg = Debug|Any CPU
		{E5236D69-9D6C-4252-8005-3EADA65DA9A1}.Ad-Hoc|x86.Build.0 = Debug|Any CPU
		{E5236D69-9D6C-4252-8005-3EADA65DA9A1}.Ad-Hoc|x86.Deploy.0 = Debug|Any CPU
		{E5236D69-9D6C-4252-8005-3EADA65DA9A1}.AppStore|Any CPU.ActiveCfg = Debug|Any CPU
		{E5236D69-9D6C-4252-8005-3EADA65DA9A1}.AppStore|Any CPU.Build.0 = Debug|Any CPU
		{E5236D69-9D6C-4252-8005-3EADA65DA9A1}.AppStore|Any CPU.Deploy.0 = Debug|Any CPU
		{E5236D69-9D6C-4252-8005-3EADA65DA9A1}.AppStore|ARM.ActiveCfg = Debug|Any CPU
		{E5236D69-9D6C-4252-8005-3EADA65DA9A1}.AppStore|ARM.Build.0 = Debug|Any CPU
		{E5236D69-9D6C-4252-8005-3EADA65DA9A1}.AppStore|ARM.Deploy.0 = Debug|Any CPU
		{E5236D69-9D6C-4252-8005-3EADA65DA9A1}.AppStore|iPhone.ActiveCfg = Debug|Any CPU
		{E5236D69-9D6C-4252-8005-3EADA65DA9A1}.AppStore|iPhone.Build.0 = Debug|Any CPU
		{E5236D69-9D6C-4252-8005-3EADA65DA9A1}.AppStore|iPhone.Deploy.0 = Debug|Any CPU
		{E5236D69-9D6C-4252-8005-3EADA65DA9A1}.AppStore|iPhoneSimulator.ActiveCfg = Debug|Any CPU
		{E5236D69-9D6C-4252-8005-3EADA65DA9A1}.AppStore|iPhoneSimulator.Build.0 = Debug|Any CPU
		{E5236D69-9D6C-4252-8005-3EADA65DA9A1}.AppStore|iPhoneSimulator.Deploy.0 = Debug|Any CPU
		{E5236D69-9D6C-4252-8005-3EADA65DA9A1}.AppStore|x64.ActiveCfg = Debug|Any CPU
		{E5236D69-9D6C-4252-8005-3EADA65DA9A1}.AppStore|x64.Build.0 = Debug|Any CPU
		{E5236D69-9D6C-4252-8005-3EADA65DA9A1}.AppStore|x64.Deploy.0 = Debug|Any CPU
		{E5236D69-9D6C-4252-8005-3EADA65DA9A1}.AppStore|x86.ActiveCfg = Debug|Any CPU
		{E5236D69-9D6C-4252-8005-3EADA65DA9A1}.AppStore|x86.Build.0 = Debug|Any CPU
		{E5236D69-9D6C-4252-8005-3EADA65DA9A1}.AppStore|x86.Deploy.0 = Debug|Any CPU
		{E5236D69-9D6C-4252-8005-3EADA65DA9A1}.Debug|Any CPU.ActiveCfg = Debug|Any CPU
		{E5236D69-9D6C-4252-8005-3EADA65DA9A1}.Debug|Any CPU.Build.0 = Debug|Any CPU
		{E5236D69-9D6C-4252-8005-3EADA65DA9A1}.Debug|Any CPU.Deploy.0 = Debug|Any CPU
		{E5236D69-9D6C-4252-8005-3EADA65DA9A1}.Debug|ARM.ActiveCfg = Debug|Any CPU
		{E5236D69-9D6C-4252-8005-3EADA65DA9A1}.Debug|ARM.Build.0 = Debug|Any CPU
		{E5236D69-9D6C-4252-8005-3EADA65DA9A1}.Debug|ARM.Deploy.0 = Debug|Any CPU
		{E5236D69-9D6C-4252-8005-3EADA65DA9A1}.Debug|iPhone.ActiveCfg = Debug|Any CPU
		{E5236D69-9D6C-4252-8005-3EADA65DA9A1}.Debug|iPhone.Build.0 = Debug|Any CPU
		{E5236D69-9D6C-4252-8005-3EADA65DA9A1}.Debug|iPhone.Deploy.0 = Debug|Any CPU
		{E5236D69-9D6C-4252-8005-3EADA65DA9A1}.Debug|iPhoneSimulator.ActiveCfg = Debug|Any CPU
		{E5236D69-9D6C-4252-8005-3EADA65DA9A1}.Debug|iPhoneSimulator.Build.0 = Debug|Any CPU
		{E5236D69-9D6C-4252-8005-3EADA65DA9A1}.Debug|iPhoneSimulator.Deploy.0 = Debug|Any CPU
		{E5236D69-9D6C-4252-8005-3EADA65DA9A1}.Debug|x64.ActiveCfg = Debug|Any CPU
		{E5236D69-9D6C-4252-8005-3EADA65DA9A1}.Debug|x64.Build.0 = Debug|Any CPU
		{E5236D69-9D6C-4252-8005-3EADA65DA9A1}.Debug|x64.Deploy.0 = Debug|Any CPU
		{E5236D69-9D6C-4252-8005-3EADA65DA9A1}.Debug|x86.ActiveCfg = Debug|Any CPU
		{E5236D69-9D6C-4252-8005-3EADA65DA9A1}.Debug|x86.Build.0 = Debug|Any CPU
		{E5236D69-9D6C-4252-8005-3EADA65DA9A1}.Debug|x86.Deploy.0 = Debug|Any CPU
		{E5236D69-9D6C-4252-8005-3EADA65DA9A1}.Release|Any CPU.ActiveCfg = Release|Any CPU
		{E5236D69-9D6C-4252-8005-3EADA65DA9A1}.Release|Any CPU.Build.0 = Release|Any CPU
		{E5236D69-9D6C-4252-8005-3EADA65DA9A1}.Release|Any CPU.Deploy.0 = Release|Any CPU
		{E5236D69-9D6C-4252-8005-3EADA65DA9A1}.Release|ARM.ActiveCfg = Release|Any CPU
		{E5236D69-9D6C-4252-8005-3EADA65DA9A1}.Release|ARM.Build.0 = Release|Any CPU
		{E5236D69-9D6C-4252-8005-3EADA65DA9A1}.Release|ARM.Deploy.0 = Release|Any CPU
		{E5236D69-9D6C-4252-8005-3EADA65DA9A1}.Release|iPhone.ActiveCfg = Release|Any CPU
		{E5236D69-9D6C-4252-8005-3EADA65DA9A1}.Release|iPhone.Build.0 = Release|Any CPU
		{E5236D69-9D6C-4252-8005-3EADA65DA9A1}.Release|iPhone.Deploy.0 = Release|Any CPU
		{E5236D69-9D6C-4252-8005-3EADA65DA9A1}.Release|iPhoneSimulator.ActiveCfg = Release|Any CPU
		{E5236D69-9D6C-4252-8005-3EADA65DA9A1}.Release|iPhoneSimulator.Build.0 = Release|Any CPU
		{E5236D69-9D6C-4252-8005-3EADA65DA9A1}.Release|iPhoneSimulator.Deploy.0 = Release|Any CPU
		{E5236D69-9D6C-4252-8005-3EADA65DA9A1}.Release|x64.ActiveCfg = Release|Any CPU
		{E5236D69-9D6C-4252-8005-3EADA65DA9A1}.Release|x64.Build.0 = Release|Any CPU
		{E5236D69-9D6C-4252-8005-3EADA65DA9A1}.Release|x64.Deploy.0 = Release|Any CPU
		{E5236D69-9D6C-4252-8005-3EADA65DA9A1}.Release|x86.ActiveCfg = Release|Any CPU
		{E5236D69-9D6C-4252-8005-3EADA65DA9A1}.Release|x86.Build.0 = Release|Any CPU
		{E5236D69-9D6C-4252-8005-3EADA65DA9A1}.Release|x86.Deploy.0 = Release|Any CPU
		{06483474-47AF-4533-88E6-E7E2AD553D84}.Ad-Hoc|Any CPU.ActiveCfg = Ad-Hoc|iPhoneSimulator
		{06483474-47AF-4533-88E6-E7E2AD553D84}.Ad-Hoc|ARM.ActiveCfg = Ad-Hoc|iPhoneSimulator
		{06483474-47AF-4533-88E6-E7E2AD553D84}.Ad-Hoc|iPhone.ActiveCfg = Ad-Hoc|iPhone
		{06483474-47AF-4533-88E6-E7E2AD553D84}.Ad-Hoc|iPhone.Build.0 = Ad-Hoc|iPhone
		{06483474-47AF-4533-88E6-E7E2AD553D84}.Ad-Hoc|iPhoneSimulator.ActiveCfg = Ad-Hoc|iPhoneSimulator
		{06483474-47AF-4533-88E6-E7E2AD553D84}.Ad-Hoc|iPhoneSimulator.Build.0 = Ad-Hoc|iPhoneSimulator
		{06483474-47AF-4533-88E6-E7E2AD553D84}.Ad-Hoc|x64.ActiveCfg = Ad-Hoc|iPhoneSimulator
		{06483474-47AF-4533-88E6-E7E2AD553D84}.Ad-Hoc|x86.ActiveCfg = Ad-Hoc|iPhoneSimulator
		{06483474-47AF-4533-88E6-E7E2AD553D84}.AppStore|Any CPU.ActiveCfg = AppStore|iPhoneSimulator
		{06483474-47AF-4533-88E6-E7E2AD553D84}.AppStore|ARM.ActiveCfg = AppStore|iPhoneSimulator
		{06483474-47AF-4533-88E6-E7E2AD553D84}.AppStore|iPhone.ActiveCfg = AppStore|iPhone
		{06483474-47AF-4533-88E6-E7E2AD553D84}.AppStore|iPhone.Build.0 = AppStore|iPhone
		{06483474-47AF-4533-88E6-E7E2AD553D84}.AppStore|iPhoneSimulator.ActiveCfg = AppStore|iPhoneSimulator
		{06483474-47AF-4533-88E6-E7E2AD553D84}.AppStore|iPhoneSimulator.Build.0 = AppStore|iPhoneSimulator
		{06483474-47AF-4533-88E6-E7E2AD553D84}.AppStore|x64.ActiveCfg = AppStore|iPhoneSimulator
		{06483474-47AF-4533-88E6-E7E2AD553D84}.AppStore|x86.ActiveCfg = AppStore|iPhoneSimulator
		{06483474-47AF-4533-88E6-E7E2AD553D84}.Debug|Any CPU.ActiveCfg = Debug|iPhoneSimulator
		{06483474-47AF-4533-88E6-E7E2AD553D84}.Debug|ARM.ActiveCfg = Debug|iPhoneSimulator
		{06483474-47AF-4533-88E6-E7E2AD553D84}.Debug|iPhone.ActiveCfg = Debug|iPhone
		{06483474-47AF-4533-88E6-E7E2AD553D84}.Debug|iPhone.Build.0 = Debug|iPhone
		{06483474-47AF-4533-88E6-E7E2AD553D84}.Debug|iPhoneSimulator.ActiveCfg = Debug|iPhoneSimulator
		{06483474-47AF-4533-88E6-E7E2AD553D84}.Debug|iPhoneSimulator.Build.0 = Debug|iPhoneSimulator
		{06483474-47AF-4533-88E6-E7E2AD553D84}.Debug|x64.ActiveCfg = Debug|iPhoneSimulator
		{06483474-47AF-4533-88E6-E7E2AD553D84}.Debug|x86.ActiveCfg = Debug|iPhoneSimulator
		{06483474-47AF-4533-88E6-E7E2AD553D84}.Release|Any CPU.ActiveCfg = Release|iPhoneSimulator
		{06483474-47AF-4533-88E6-E7E2AD553D84}.Release|ARM.ActiveCfg = Release|iPhoneSimulator
		{06483474-47AF-4533-88E6-E7E2AD553D84}.Release|iPhone.ActiveCfg = Release|iPhone
		{06483474-47AF-4533-88E6-E7E2AD553D84}.Release|iPhone.Build.0 = Release|iPhone
		{06483474-47AF-4533-88E6-E7E2AD553D84}.Release|iPhoneSimulator.ActiveCfg = Release|iPhoneSimulator
		{06483474-47AF-4533-88E6-E7E2AD553D84}.Release|iPhoneSimulator.Build.0 = Release|iPhoneSimulator
		{06483474-47AF-4533-88E6-E7E2AD553D84}.Release|x64.ActiveCfg = Release|iPhoneSimulator
		{06483474-47AF-4533-88E6-E7E2AD553D84}.Release|x86.ActiveCfg = Release|iPhoneSimulator
		{FD909C2B-DCC8-4CFF-8CA3-A3A67ED5DC6A}.Ad-Hoc|Any CPU.ActiveCfg = Debug|ARM
		{FD909C2B-DCC8-4CFF-8CA3-A3A67ED5DC6A}.Ad-Hoc|Any CPU.Build.0 = Debug|ARM
		{FD909C2B-DCC8-4CFF-8CA3-A3A67ED5DC6A}.Ad-Hoc|Any CPU.Deploy.0 = Debug|ARM
		{FD909C2B-DCC8-4CFF-8CA3-A3A67ED5DC6A}.Ad-Hoc|ARM.ActiveCfg = Debug|ARM
		{FD909C2B-DCC8-4CFF-8CA3-A3A67ED5DC6A}.Ad-Hoc|ARM.Build.0 = Debug|ARM
		{FD909C2B-DCC8-4CFF-8CA3-A3A67ED5DC6A}.Ad-Hoc|ARM.Deploy.0 = Debug|ARM
		{FD909C2B-DCC8-4CFF-8CA3-A3A67ED5DC6A}.Ad-Hoc|iPhone.ActiveCfg = Debug|ARM
		{FD909C2B-DCC8-4CFF-8CA3-A3A67ED5DC6A}.Ad-Hoc|iPhone.Build.0 = Debug|ARM
		{FD909C2B-DCC8-4CFF-8CA3-A3A67ED5DC6A}.Ad-Hoc|iPhone.Deploy.0 = Debug|ARM
		{FD909C2B-DCC8-4CFF-8CA3-A3A67ED5DC6A}.Ad-Hoc|iPhoneSimulator.ActiveCfg = Debug|ARM
		{FD909C2B-DCC8-4CFF-8CA3-A3A67ED5DC6A}.Ad-Hoc|iPhoneSimulator.Build.0 = Debug|ARM
		{FD909C2B-DCC8-4CFF-8CA3-A3A67ED5DC6A}.Ad-Hoc|iPhoneSimulator.Deploy.0 = Debug|ARM
		{FD909C2B-DCC8-4CFF-8CA3-A3A67ED5DC6A}.Ad-Hoc|x64.ActiveCfg = Debug|x64
		{FD909C2B-DCC8-4CFF-8CA3-A3A67ED5DC6A}.Ad-Hoc|x64.Build.0 = Debug|x64
		{FD909C2B-DCC8-4CFF-8CA3-A3A67ED5DC6A}.Ad-Hoc|x64.Deploy.0 = Debug|x64
		{FD909C2B-DCC8-4CFF-8CA3-A3A67ED5DC6A}.Ad-Hoc|x86.ActiveCfg = Debug|x86
		{FD909C2B-DCC8-4CFF-8CA3-A3A67ED5DC6A}.Ad-Hoc|x86.Build.0 = Debug|x86
		{FD909C2B-DCC8-4CFF-8CA3-A3A67ED5DC6A}.Ad-Hoc|x86.Deploy.0 = Debug|x86
		{FD909C2B-DCC8-4CFF-8CA3-A3A67ED5DC6A}.AppStore|Any CPU.ActiveCfg = Debug|ARM
		{FD909C2B-DCC8-4CFF-8CA3-A3A67ED5DC6A}.AppStore|Any CPU.Build.0 = Debug|ARM
		{FD909C2B-DCC8-4CFF-8CA3-A3A67ED5DC6A}.AppStore|Any CPU.Deploy.0 = Debug|ARM
		{FD909C2B-DCC8-4CFF-8CA3-A3A67ED5DC6A}.AppStore|ARM.ActiveCfg = Debug|ARM
		{FD909C2B-DCC8-4CFF-8CA3-A3A67ED5DC6A}.AppStore|ARM.Build.0 = Debug|ARM
		{FD909C2B-DCC8-4CFF-8CA3-A3A67ED5DC6A}.AppStore|ARM.Deploy.0 = Debug|ARM
		{FD909C2B-DCC8-4CFF-8CA3-A3A67ED5DC6A}.AppStore|iPhone.ActiveCfg = Debug|ARM
		{FD909C2B-DCC8-4CFF-8CA3-A3A67ED5DC6A}.AppStore|iPhone.Build.0 = Debug|ARM
		{FD909C2B-DCC8-4CFF-8CA3-A3A67ED5DC6A}.AppStore|iPhone.Deploy.0 = Debug|ARM
		{FD909C2B-DCC8-4CFF-8CA3-A3A67ED5DC6A}.AppStore|iPhoneSimulator.ActiveCfg = Debug|ARM
		{FD909C2B-DCC8-4CFF-8CA3-A3A67ED5DC6A}.AppStore|iPhoneSimulator.Build.0 = Debug|ARM
		{FD909C2B-DCC8-4CFF-8CA3-A3A67ED5DC6A}.AppStore|iPhoneSimulator.Deploy.0 = Debug|ARM
		{FD909C2B-DCC8-4CFF-8CA3-A3A67ED5DC6A}.AppStore|x64.ActiveCfg = Debug|x64
		{FD909C2B-DCC8-4CFF-8CA3-A3A67ED5DC6A}.AppStore|x64.Build.0 = Debug|x64
		{FD909C2B-DCC8-4CFF-8CA3-A3A67ED5DC6A}.AppStore|x64.Deploy.0 = Debug|x64
		{FD909C2B-DCC8-4CFF-8CA3-A3A67ED5DC6A}.AppStore|x86.ActiveCfg = Debug|x86
		{FD909C2B-DCC8-4CFF-8CA3-A3A67ED5DC6A}.AppStore|x86.Build.0 = Debug|x86
		{FD909C2B-DCC8-4CFF-8CA3-A3A67ED5DC6A}.AppStore|x86.Deploy.0 = Debug|x86
		{FD909C2B-DCC8-4CFF-8CA3-A3A67ED5DC6A}.Debug|Any CPU.ActiveCfg = Debug|x86
		{FD909C2B-DCC8-4CFF-8CA3-A3A67ED5DC6A}.Debug|ARM.ActiveCfg = Debug|ARM
		{FD909C2B-DCC8-4CFF-8CA3-A3A67ED5DC6A}.Debug|ARM.Build.0 = Debug|ARM
		{FD909C2B-DCC8-4CFF-8CA3-A3A67ED5DC6A}.Debug|ARM.Deploy.0 = Debug|ARM
		{FD909C2B-DCC8-4CFF-8CA3-A3A67ED5DC6A}.Debug|iPhone.ActiveCfg = Debug|x86
		{FD909C2B-DCC8-4CFF-8CA3-A3A67ED5DC6A}.Debug|iPhoneSimulator.ActiveCfg = Debug|x86
		{FD909C2B-DCC8-4CFF-8CA3-A3A67ED5DC6A}.Debug|x64.ActiveCfg = Debug|x64
		{FD909C2B-DCC8-4CFF-8CA3-A3A67ED5DC6A}.Debug|x64.Build.0 = Debug|x64
		{FD909C2B-DCC8-4CFF-8CA3-A3A67ED5DC6A}.Debug|x64.Deploy.0 = Debug|x64
		{FD909C2B-DCC8-4CFF-8CA3-A3A67ED5DC6A}.Debug|x86.ActiveCfg = Debug|x86
		{FD909C2B-DCC8-4CFF-8CA3-A3A67ED5DC6A}.Debug|x86.Build.0 = Debug|x86
		{FD909C2B-DCC8-4CFF-8CA3-A3A67ED5DC6A}.Debug|x86.Deploy.0 = Debug|x86
		{FD909C2B-DCC8-4CFF-8CA3-A3A67ED5DC6A}.Release|Any CPU.ActiveCfg = Release|x86
		{FD909C2B-DCC8-4CFF-8CA3-A3A67ED5DC6A}.Release|ARM.ActiveCfg = Release|ARM
		{FD909C2B-DCC8-4CFF-8CA3-A3A67ED5DC6A}.Release|ARM.Build.0 = Release|ARM
		{FD909C2B-DCC8-4CFF-8CA3-A3A67ED5DC6A}.Release|ARM.Deploy.0 = Release|ARM
		{FD909C2B-DCC8-4CFF-8CA3-A3A67ED5DC6A}.Release|iPhone.ActiveCfg = Release|x86
		{FD909C2B-DCC8-4CFF-8CA3-A3A67ED5DC6A}.Release|iPhoneSimulator.ActiveCfg = Release|x86
		{FD909C2B-DCC8-4CFF-8CA3-A3A67ED5DC6A}.Release|x64.ActiveCfg = Release|x64
		{FD909C2B-DCC8-4CFF-8CA3-A3A67ED5DC6A}.Release|x64.Build.0 = Release|x64
		{FD909C2B-DCC8-4CFF-8CA3-A3A67ED5DC6A}.Release|x64.Deploy.0 = Release|x64
		{FD909C2B-DCC8-4CFF-8CA3-A3A67ED5DC6A}.Release|x86.ActiveCfg = Release|x86
		{FD909C2B-DCC8-4CFF-8CA3-A3A67ED5DC6A}.Release|x86.Build.0 = Release|x86
		{FD909C2B-DCC8-4CFF-8CA3-A3A67ED5DC6A}.Release|x86.Deploy.0 = Release|x86
	EndGlobalSection
	GlobalSection(SolutionProperties) = preSolution
		HideSolutionNode = FALSE
	EndGlobalSection
	GlobalSection(ExtensibilityGlobals) = postSolution
		SolutionGuid = {14D243C9-EED7-4585-931F-4D5260337F89}
	EndGlobalSection
EndGlobal
